<?xml version="1.0" encoding="utf-8"?>
<Project ToolsVersion="4.0" xmlns="http://schemas.microsoft.com/developer/msbuild/2003">
  <ItemGroup>
    <Filter Include="Library">
      <UniqueIdentifier>{d5173dcf-2786-4f98-bd55-d03549637dfe}</UniqueIdentifier>
    </Filter>
    <Filter Include="Src">
      <UniqueIdentifier>{80d0a5a9-6779-4863-bede-cc22a4986dc5}</UniqueIdentifier>
    </Filter>
    <Filter Include="Src\System">
      <UniqueIdentifier>{f5928314-3ee2-4e39-abfa-d93aa9ee5891}</UniqueIdentifier>
    </Filter>
    <Filter Include="Src\System\Direct3D">
      <UniqueIdentifier>{f193abd5-e51c-466e-a937-722bc9175e9a}</UniqueIdentifier>
    </Filter>
    <Filter Include="Src\System\Utility">
      <UniqueIdentifier>{f5d733b1-5031-4659-a9d4-0dd3add1e5fb}</UniqueIdentifier>
    </Filter>
    <Filter Include="Src\System\Window">
      <UniqueIdentifier>{cb022f2a-c5a2-449b-9b70-5110aff8550f}</UniqueIdentifier>
    </Filter>
    <Filter Include="Library\tinygltf">
      <UniqueIdentifier>{307bfbcd-124f-4ad7-85f5-3fd94f814b1f}</UniqueIdentifier>
    </Filter>
    <Filter Include="Src\System\Shader">
      <UniqueIdentifier>{93543c0c-58fe-4a94-8279-7be3021b65b1}</UniqueIdentifier>
    </Filter>
    <Filter Include="Src\System\Shader\EffectShader">
      <UniqueIdentifier>{3ed945a9-befa-4db2-b780-7714e82626ed}</UniqueIdentifier>
    </Filter>
    <Filter Include="Src\System\Shader\SpriteShader">
      <UniqueIdentifier>{2da4d471-f4e8-4b2d-bdef-b93f91523b8b}</UniqueIdentifier>
    </Filter>
    <Filter Include="Src\System\Shader\StandardShader">
      <UniqueIdentifier>{0a93a6dd-bb60-46dc-820f-6aea10b3b02f}</UniqueIdentifier>
    </Filter>
    <Filter Include="Src\Application">
      <UniqueIdentifier>{d0d0f9cf-dabd-4346-bc9a-d9c04cf42372}</UniqueIdentifier>
    </Filter>
    <Filter Include="Src\System\Audio">
      <UniqueIdentifier>{667d1cb1-5ae5-476f-acd5-14b7d294a95a}</UniqueIdentifier>
    </Filter>
    <Filter Include="Src\Application\Player">
      <UniqueIdentifier>{d6b8d880-8e20-4e0a-8d60-f1031b69e113}</UniqueIdentifier>
    </Filter>
    <Filter Include="Src\Application\Scene">
      <UniqueIdentifier>{7256e80d-4546-45ce-ac94-75f8b611ae94}</UniqueIdentifier>
    </Filter>
    <Filter Include="Src\Application\Enemy">
      <UniqueIdentifier>{07007520-7659-43f7-8301-8b96e42409a2}</UniqueIdentifier>
    </Filter>
    <Filter Include="Src\Application\Manager">
      <UniqueIdentifier>{8e0a2aa3-0711-4fac-9d00-77f7a0f9ab51}</UniqueIdentifier>
    </Filter>
    <Filter Include="Src\Application\Object">
      <UniqueIdentifier>{80e1ce22-78fc-4ab3-9b3b-baab5b63a180}</UniqueIdentifier>
    </Filter>
    <Filter Include="Src\Application\Effect">
      <UniqueIdentifier>{b2800911-afca-47d4-a38f-704a3114a530}</UniqueIdentifier>
    </Filter>
    <Filter Include="Library\imgui">
      <UniqueIdentifier>{ddf7ebdd-27b5-479a-a7a5-f3302acd1a06}</UniqueIdentifier>
    </Filter>
  </ItemGroup>
  <ItemGroup>
    <ClInclude Include="src\Pch.h">
      <Filter>Src</Filter>
    </ClInclude>
    <ClInclude Include="..\Library\tinygltf\json.hpp">
      <Filter>Library\tinygltf</Filter>
    </ClInclude>
    <ClInclude Include="..\Library\tinygltf\stb_image.h">
      <Filter>Library\tinygltf</Filter>
    </ClInclude>
    <ClInclude Include="..\Library\tinygltf\stb_image_write.h">
      <Filter>Library\tinygltf</Filter>
    </ClInclude>
    <ClInclude Include="..\Library\tinygltf\tiny_gltf.h">
      <Filter>Library\tinygltf</Filter>
    </ClInclude>
    <ClInclude Include="Src\Application\main.h">
      <Filter>Src\Application</Filter>
    </ClInclude>
    <ClInclude Include="src\System\Direct3D\KdDirect3D.h">
      <Filter>Src\System\Direct3D</Filter>
    </ClInclude>
    <ClInclude Include="src\System\Direct3D\KdModel.h">
      <Filter>Src\System\Direct3D</Filter>
    </ClInclude>
    <ClInclude Include="src\System\Direct3D\KdTexture.h">
      <Filter>Src\System\Direct3D</Filter>
    </ClInclude>
    <ClInclude Include="src\System\Direct3D\KdBuffer.h">
      <Filter>Src\System\Direct3D</Filter>
    </ClInclude>
    <ClInclude Include="Src\System\Audio\KdAudio.h">
      <Filter>Src\System\Audio</Filter>
    </ClInclude>
    <ClInclude Include="Src\System\Direct3D\KdGLTFLoader.h">
      <Filter>Src\System\Direct3D</Filter>
    </ClInclude>
    <ClInclude Include="Src\System\Shader\KdShaderManager.h">
      <Filter>Src\System\Shader</Filter>
    </ClInclude>
    <ClInclude Include="Src\System\Shader\EffectShader\KdEffectShader.h">
      <Filter>Src\System\Shader\EffectShader</Filter>
    </ClInclude>
    <ClInclude Include="Src\System\Shader\SpriteShader\KdSpriteShader.h">
      <Filter>Src\System\Shader\SpriteShader</Filter>
    </ClInclude>
    <ClInclude Include="Src\System\Shader\StandardShader\KdStandardShader.h">
      <Filter>Src\System\Shader\StandardShader</Filter>
    </ClInclude>
    <ClInclude Include="src\System\Utility\KdUtility.h">
      <Filter>Src\System\Utility</Filter>
    </ClInclude>
    <ClInclude Include="src\System\KdSystem.h">
      <Filter>Src\System</Filter>
    </ClInclude>
    <ClInclude Include="..\Library\strconv.h">
      <Filter>Library</Filter>
    </ClInclude>
    <ClInclude Include="src\System\Window\KdWindow.h">
      <Filter>Src\System\Window</Filter>
    </ClInclude>
    <ClInclude Include="Src\Application\define.h">
      <Filter>Src\Application</Filter>
    </ClInclude>
    <ClInclude Include="Src\Application\Headers.h">
      <Filter>Src\Application</Filter>
    </ClInclude>
    <ClInclude Include="Src\Application\UI.h">
      <Filter>Src\Application</Filter>
    </ClInclude>
    <ClInclude Include="Src\Application\Sky.h">
      <Filter>Src\Application</Filter>
    </ClInclude>
    <ClInclude Include="Src\Application\Map.h">
      <Filter>Src\Application</Filter>
    </ClInclude>
    <ClInclude Include="Src\Application\System.h">
      <Filter>Src\Application</Filter>
    </ClInclude>
    <ClInclude Include="Src\Application\EntryShadow.h">
      <Filter>Src\Application</Filter>
    </ClInclude>
    <ClInclude Include="Src\Application\Player\Arm.h">
      <Filter>Src\Application\Player</Filter>
    </ClInclude>
    <ClInclude Include="Src\Application\Player\Arm_Right.h">
      <Filter>Src\Application\Player</Filter>
    </ClInclude>
    <ClInclude Include="Src\Application\Player\Arm_Left.h">
      <Filter>Src\Application\Player</Filter>
    </ClInclude>
    <ClInclude Include="Src\Application\Player\Hand.h">
      <Filter>Src\Application\Player</Filter>
    </ClInclude>
    <ClInclude Include="Src\Application\Scene\GameScene.h">
      <Filter>Src\Application\Scene</Filter>
    </ClInclude>
    <ClInclude Include="Src\Application\Scene\TitleScene.h">
      <Filter>Src\Application\Scene</Filter>
    </ClInclude>
    <ClInclude Include="Src\Application\Scene\BaseScene.h">
      <Filter>Src\Application\Scene</Filter>
    </ClInclude>
    <ClInclude Include="Src\Application\Enemy\Enemy.h">
      <Filter>Src\Application\Enemy</Filter>
    </ClInclude>
    <ClInclude Include="Src\Application\Enemy\BaseState.h">
      <Filter>Src\Application\Enemy</Filter>
    </ClInclude>
    <ClInclude Include="Src\Application\Enemy\Track.h">
      <Filter>Src\Application\Enemy</Filter>
    </ClInclude>
    <ClInclude Include="Src\Application\Manager\EnemyManager.h">
      <Filter>Src\Application\Manager</Filter>
    </ClInclude>
    <ClInclude Include="Src\Application\Enemy\Appear.h">
      <Filter>Src\Application\Enemy</Filter>
    </ClInclude>
    <ClInclude Include="Src\Application\Enemy\Attack.h">
      <Filter>Src\Application\Enemy</Filter>
    </ClInclude>
    <ClInclude Include="Src\Application\Object\Gear.h">
      <Filter>Src\Application\Object</Filter>
    </ClInclude>
    <ClInclude Include="Src\Application\Object\Hammer.h">
      <Filter>Src\Application\Object</Filter>
    </ClInclude>
    <ClInclude Include="Src\Application\Object\Object.h">
      <Filter>Src\Application\Object</Filter>
    </ClInclude>
    <ClInclude Include="Src\Application\Object\Platform.h">
      <Filter>Src\Application\Object</Filter>
    </ClInclude>
    <ClInclude Include="Src\Application\Object\Water.h">
      <Filter>Src\Application\Object</Filter>
    </ClInclude>
    <ClInclude Include="Src\Application\Object\WaterFall.h">
      <Filter>Src\Application\Object</Filter>
    </ClInclude>
    <ClInclude Include="Src\Application\Object\Wheel.h">
      <Filter>Src\Application\Object</Filter>
    </ClInclude>
    <ClInclude Include="Src\Application\Object\Bridge.h">
      <Filter>Src\Application\Object</Filter>
    </ClInclude>
    <ClInclude Include="Src\Application\Object\Chest.h">
      <Filter>Src\Application\Object</Filter>
    </ClInclude>
    <ClInclude Include="Src\Application\Object\Door_Left.h">
      <Filter>Src\Application\Object</Filter>
    </ClInclude>
    <ClInclude Include="Src\Application\Object\Door_Right.h">
      <Filter>Src\Application\Object</Filter>
    </ClInclude>
    <ClInclude Include="Src\Application\Object\Fence.h">
      <Filter>Src\Application\Object</Filter>
    </ClInclude>
    <ClInclude Include="Src\Application\Manager\EffectManager.h">
      <Filter>Src\Application\Manager</Filter>
    </ClInclude>
    <ClInclude Include="Src\Application\Manager\ObjectManager.h">
      <Filter>Src\Application\Manager</Filter>
    </ClInclude>
    <ClInclude Include="Src\Application\Manager\SceneManager.h">
      <Filter>Src\Application\Manager</Filter>
    </ClInclude>
    <ClInclude Include="Src\Application\Effect\Effect.h">
      <Filter>Src\Application\Effect</Filter>
    </ClInclude>
    <ClInclude Include="Src\Application\Effect\ShootFire.h">
      <Filter>Src\Application\Effect</Filter>
    </ClInclude>
    <ClInclude Include="Src\Application\Effect\Spray.h">
      <Filter>Src\Application\Effect</Filter>
    </ClInclude>
    <ClInclude Include="Src\Application\Effect\MagicCircle.h">
      <Filter>Src\Application\Effect</Filter>
    </ClInclude>
    <ClInclude Include="Src\Application\Manager\TextureManager.h">
      <Filter>Src\Application\Manager</Filter>
    </ClInclude>
    <ClInclude Include="Src\Application\Manager\ModelManager.h">
      <Filter>Src\Application\Manager</Filter>
    </ClInclude>
    <ClInclude Include="Src\Application\Player\Shield.h">
      <Filter>Src\Application\Player</Filter>
    </ClInclude>
    <ClInclude Include="Src\Application\Player\Player.h">
      <Filter>Src\Application\Player</Filter>
    </ClInclude>
    <ClInclude Include="Src\Application\Enemy\BeAttacked.h">
      <Filter>Src\Application\Enemy</Filter>
    </ClInclude>
    <ClInclude Include="Src\Application\Object\AimCone.h">
      <Filter>Src\Application\Object</Filter>
    </ClInclude>
    <ClInclude Include="Src\Application\Object\Obstacle.h">
      <Filter>Src\Application\Object</Filter>
    </ClInclude>
    <ClInclude Include="..\Library\imgui\imconfig.h">
      <Filter>Library\imgui</Filter>
    </ClInclude>
    <ClInclude Include="..\Library\imgui\imgui.h">
      <Filter>Library\imgui</Filter>
    </ClInclude>
    <ClInclude Include="..\Library\imgui\imgui_impl_dx11.h">
      <Filter>Library\imgui</Filter>
    </ClInclude>
    <ClInclude Include="..\Library\imgui\imgui_impl_win32.h">
      <Filter>Library\imgui</Filter>
    </ClInclude>
    <ClInclude Include="..\Library\imgui\imgui_internal.h">
      <Filter>Library\imgui</Filter>
    </ClInclude>
    <ClInclude Include="..\Library\imgui\imstb_rectpack.h">
      <Filter>Library\imgui</Filter>
    </ClInclude>
    <ClInclude Include="..\Library\imgui\imstb_textedit.h">
      <Filter>Library\imgui</Filter>
    </ClInclude>
    <ClInclude Include="..\Library\imgui\imstb_truetype.h">
      <Filter>Library\imgui</Filter>
    </ClInclude>
    <ClInclude Include="..\Library\imgui\ja_glyph_ranges.h">
      <Filter>Library\imgui</Filter>
    </ClInclude>
    <ClInclude Include="Src\Application\Object\Ball.h">
      <Filter>Src\Application\Object</Filter>
    </ClInclude>
    <ClInclude Include="Src\Application\Effect\Crack.h">
      <Filter>Src\Application\Effect</Filter>
    </ClInclude>
    <ClInclude Include="Src\Application\Object\PlatFormUpstanding.h">
      <Filter>Src\Application\Object</Filter>
    </ClInclude>
    <ClInclude Include="Src\Application\Object\PlatFormSidewards.h">
      <Filter>Src\Application\Object</Filter>
    </ClInclude>
    <ClInclude Include="Src\Application\Object\PlatFormInvisible.h">
      <Filter>Src\Application\Object</Filter>
    </ClInclude>
    <ClInclude Include="Src\Application\Config.h">
      <Filter>Src\Application</Filter>
    </ClInclude>
    <ClInclude Include="Src\Application\Effect\Shadow.h">
      <Filter>Src\Application\Effect</Filter>
    </ClInclude>
    <ClInclude Include="Src\Application\Object\Wall_Reflect.h">
      <Filter>Src\Application\Object</Filter>
    </ClInclude>
    <ClInclude Include="Src\Application\Scene\GameOverScene.h">
      <Filter>Src\Application\Scene</Filter>
    </ClInclude>
    <ClInclude Include="Src\Application\Effect\SavePoint.h">
      <Filter>Src\Application\Effect</Filter>
    </ClInclude>
  </ItemGroup>
  <ItemGroup>
    <ClCompile Include="src\Pch.cpp">
      <Filter>Src</Filter>
    </ClCompile>
    <ClCompile Include="Src\Application\main.cpp">
      <Filter>Src\Application</Filter>
    </ClCompile>
    <ClCompile Include="src\System\Direct3D\KdDirect3D.cpp">
      <Filter>Src\System\Direct3D</Filter>
    </ClCompile>
    <ClCompile Include="src\System\Direct3D\KdModel.cpp">
      <Filter>Src\System\Direct3D</Filter>
    </ClCompile>
    <ClCompile Include="src\System\Direct3D\KdTexture.cpp">
      <Filter>Src\System\Direct3D</Filter>
    </ClCompile>
    <ClCompile Include="src\System\Direct3D\KdBuffer.cpp">
      <Filter>Src\System\Direct3D</Filter>
    </ClCompile>
    <ClCompile Include="Src\System\Audio\KdAudio.cpp">
      <Filter>Src\System\Audio</Filter>
    </ClCompile>
    <ClCompile Include="Src\System\Direct3D\KdGLTFLoader.cpp">
      <Filter>Src\System\Direct3D</Filter>
    </ClCompile>
    <ClCompile Include="Src\System\Shader\KdShaderManager.cpp">
      <Filter>Src\System\Shader</Filter>
    </ClCompile>
    <ClCompile Include="Src\System\Shader\EffectShader\KdEffectShader.cpp">
      <Filter>Src\System\Shader\EffectShader</Filter>
    </ClCompile>
    <ClCompile Include="Src\System\Shader\SpriteShader\KdSpriteShader.cpp">
      <Filter>Src\System\Shader\SpriteShader</Filter>
    </ClCompile>
    <ClCompile Include="Src\System\Shader\StandardShader\KdStandardShader.cpp">
      <Filter>Src\System\Shader\StandardShader</Filter>
    </ClCompile>
    <ClCompile Include="src\System\Window\KdWindow.cpp">
      <Filter>Src\System\Window</Filter>
    </ClCompile>
    <ClCompile Include="Src\System\Utility\KdUtility.cpp">
      <Filter>Src\System\Utility</Filter>
    </ClCompile>
    <ClCompile Include="Src\Application\UI.cpp">
      <Filter>Src\Application</Filter>
    </ClCompile>
    <ClCompile Include="Src\Application\Sky.cpp">
      <Filter>Src\Application</Filter>
    </ClCompile>
    <ClCompile Include="Src\Application\Map.cpp">
      <Filter>Src\Application</Filter>
    </ClCompile>
    <ClCompile Include="Src\Application\EntryShadow.cpp">
      <Filter>Src\Application</Filter>
    </ClCompile>
    <ClCompile Include="Src\Application\Player\Arm.cpp">
      <Filter>Src\Application\Player</Filter>
    </ClCompile>
    <ClCompile Include="Src\Application\Player\Arm_Right.cpp">
      <Filter>Src\Application\Player</Filter>
    </ClCompile>
    <ClCompile Include="Src\Application\Player\Arm_Left.cpp">
      <Filter>Src\Application\Player</Filter>
    </ClCompile>
    <ClCompile Include="Src\Application\Player\Hand.cpp">
      <Filter>Src\Application\Player</Filter>
    </ClCompile>
    <ClCompile Include="Src\Application\Scene\TitleScene.cpp">
      <Filter>Src\Application\Scene</Filter>
    </ClCompile>
    <ClCompile Include="Src\Application\Scene\BaseScene.cpp">
      <Filter>Src\Application\Scene</Filter>
    </ClCompile>
    <ClCompile Include="Src\Application\Scene\GameScene.cpp">
      <Filter>Src\Application\Scene</Filter>
    </ClCompile>
    <ClCompile Include="Src\Application\Enemy\Enemy.cpp">
      <Filter>Src\Application\Enemy</Filter>
    </ClCompile>
    <ClCompile Include="Src\Application\Enemy\Track.cpp">
      <Filter>Src\Application\Enemy</Filter>
    </ClCompile>
    <ClCompile Include="Src\Application\Manager\EnemyManager.cpp">
      <Filter>Src\Application\Manager</Filter>
    </ClCompile>
    <ClCompile Include="Src\Application\Enemy\Appear.cpp">
      <Filter>Src\Application\Enemy</Filter>
    </ClCompile>
    <ClCompile Include="Src\Application\Enemy\Attack.cpp">
      <Filter>Src\Application\Enemy</Filter>
    </ClCompile>
    <ClCompile Include="Src\Application\Object\Gear.cpp">
      <Filter>Src\Application\Object</Filter>
    </ClCompile>
    <ClCompile Include="Src\Application\Object\Hammer.cpp">
      <Filter>Src\Application\Object</Filter>
    </ClCompile>
    <ClCompile Include="Src\Application\Object\Object.cpp">
      <Filter>Src\Application\Object</Filter>
    </ClCompile>
    <ClCompile Include="Src\Application\Object\Platform.cpp">
      <Filter>Src\Application\Object</Filter>
    </ClCompile>
    <ClCompile Include="Src\Application\Object\Water.cpp">
      <Filter>Src\Application\Object</Filter>
    </ClCompile>
    <ClCompile Include="Src\Application\Object\WaterFall.cpp">
      <Filter>Src\Application\Object</Filter>
    </ClCompile>
    <ClCompile Include="Src\Application\Object\Wheel.cpp">
      <Filter>Src\Application\Object</Filter>
    </ClCompile>
    <ClCompile Include="Src\Application\Object\Bridge.cpp">
      <Filter>Src\Application\Object</Filter>
    </ClCompile>
    <ClCompile Include="Src\Application\Object\Chest.cpp">
      <Filter>Src\Application\Object</Filter>
    </ClCompile>
    <ClCompile Include="Src\Application\Object\Door_Left.cpp">
      <Filter>Src\Application\Object</Filter>
    </ClCompile>
    <ClCompile Include="Src\Application\Object\Door_Right.cpp">
      <Filter>Src\Application\Object</Filter>
    </ClCompile>
    <ClCompile Include="Src\Application\Object\Fence.cpp">
      <Filter>Src\Application\Object</Filter>
    </ClCompile>
    <ClCompile Include="Src\Application\Manager\ObjectManager.cpp">
      <Filter>Src\Application\Manager</Filter>
    </ClCompile>
    <ClCompile Include="Src\Application\Manager\SceneManager.cpp">
      <Filter>Src\Application\Manager</Filter>
    </ClCompile>
    <ClCompile Include="Src\Application\Manager\EffectManager.cpp">
      <Filter>Src\Application\Manager</Filter>
    </ClCompile>
    <ClCompile Include="Src\Application\Effect\ShootFire.cpp">
      <Filter>Src\Application\Effect</Filter>
    </ClCompile>
    <ClCompile Include="Src\Application\Effect\Spray.cpp">
      <Filter>Src\Application\Effect</Filter>
    </ClCompile>
    <ClCompile Include="Src\Application\Effect\Effect.cpp">
      <Filter>Src\Application\Effect</Filter>
    </ClCompile>
    <ClCompile Include="Src\Application\Effect\MagicCircle.cpp">
      <Filter>Src\Application\Effect</Filter>
    </ClCompile>
    <ClCompile Include="Src\Application\Manager\TextureManager.cpp">
      <Filter>Src\Application\Manager</Filter>
    </ClCompile>
    <ClCompile Include="Src\Application\Manager\ModelManager.cpp">
      <Filter>Src\Application\Manager</Filter>
    </ClCompile>
    <ClCompile Include="Src\Application\Player\Shield.cpp">
      <Filter>Src\Application\Player</Filter>
    </ClCompile>
    <ClCompile Include="Src\Application\Player\Player.cpp">
      <Filter>Src\Application\Player</Filter>
    </ClCompile>
    <ClCompile Include="Src\Application\Enemy\BeAttacked.cpp">
      <Filter>Src\Application\Enemy</Filter>
    </ClCompile>
    <ClCompile Include="Src\Application\Object\AimCone.cpp">
      <Filter>Src\Application\Object</Filter>
    </ClCompile>
    <ClCompile Include="Src\Application\Object\Obstacle.cpp">
      <Filter>Src\Application\Object</Filter>
    </ClCompile>
    <ClCompile Include="..\Library\imgui\imgui.cpp">
      <Filter>Library\imgui</Filter>
    </ClCompile>
    <ClCompile Include="..\Library\imgui\imgui_demo.cpp">
      <Filter>Library\imgui</Filter>
    </ClCompile>
    <ClCompile Include="..\Library\imgui\imgui_draw.cpp">
      <Filter>Library\imgui</Filter>
    </ClCompile>
    <ClCompile Include="..\Library\imgui\imgui_impl_dx11.cpp">
      <Filter>Library\imgui</Filter>
    </ClCompile>
    <ClCompile Include="..\Library\imgui\imgui_impl_win32.cpp">
      <Filter>Library\imgui</Filter>
    </ClCompile>
    <ClCompile Include="..\Library\imgui\imgui_widgets.cpp">
      <Filter>Library\imgui</Filter>
    </ClCompile>
    <ClCompile Include="Src\Application\Object\Ball.cpp">
      <Filter>Src\Application\Object</Filter>
    </ClCompile>
    <ClCompile Include="Src\Application\Effect\Crack.cpp">
      <Filter>Src\Application\Effect</Filter>
    </ClCompile>
    <ClCompile Include="Src\Application\Object\PlatFormUpstanding.cpp">
      <Filter>Src\Application\Object</Filter>
    </ClCompile>
    <ClCompile Include="Src\Application\Object\PlatFormSidewards.cpp">
      <Filter>Src\Application\Object</Filter>
    </ClCompile>
    <ClCompile Include="Src\Application\Object\PlatFormInvisible.cpp">
      <Filter>Src\Application\Object</Filter>
    </ClCompile>
    <ClCompile Include="Src\Application\Effect\Shadow.cpp">
      <Filter>Src\Application\Effect</Filter>
    </ClCompile>
    <ClCompile Include="Src\Application\Object\Wall_Reflect.cpp">
      <Filter>Src\Application\Object</Filter>
    </ClCompile>
    <ClCompile Include="Src\Application\Scene\GameOverScene.cpp">
      <Filter>Src\Application\Scene</Filter>
    </ClCompile>
    <ClCompile Include="Src\Application\Effect\SavePoint.cpp">
      <Filter>Src\Application\Effect</Filter>
    </ClCompile>
  </ItemGroup>
  <ItemGroup>
    <None Include="Src\System\Shader\EffectShader\inc_KdEffectShader.hlsli">
      <Filter>Src\System\Shader\EffectShader</Filter>
    </None>
    <None Include="Src\System\Shader\inc_KdCommon.hlsli">
      <Filter>Src\System\Shader</Filter>
    </None>
    <None Include="Src\System\Shader\SpriteShader\inc_KdSpriteShader.hlsli">
      <Filter>Src\System\Shader\SpriteShader</Filter>
    </None>
    <None Include="Src\System\Shader\StandardShader\inc_KdStandardShader.hlsli">
      <Filter>Src\System\Shader\StandardShader</Filter>
    </None>
  </ItemGroup>
  <ItemGroup>
    <FxCompile Include="Src\System\Shader\EffectShader\KdEffectShader_PS.hlsl">
      <Filter>Src\System\Shader\EffectShader</Filter>
    </FxCompile>
    <FxCompile Include="Src\System\Shader\EffectShader\KdEffectShader_VS.hlsl">
      <Filter>Src\System\Shader\EffectShader</Filter>
    </FxCompile>
    <FxCompile Include="Src\System\Shader\SpriteShader\KdSpriteShader_PS.hlsl">
      <Filter>Src\System\Shader\SpriteShader</Filter>
    </FxCompile>
    <FxCompile Include="Src\System\Shader\SpriteShader\KdSpriteShader_VS.hlsl">
      <Filter>Src\System\Shader\SpriteShader</Filter>
    </FxCompile>
    <FxCompile Include="Src\System\Shader\StandardShader\KdStandardShader_PS.hlsl">
      <Filter>Src\System\Shader\StandardShader</Filter>
    </FxCompile>
    <FxCompile Include="Src\System\Shader\StandardShader\KdStandardShader_VS.hlsl">
      <Filter>Src\System\Shader\StandardShader</Filter>
    </FxCompile>
  </ItemGroup>
</Project>